
Microsoft Visual Studio Solution File, Format Version 12.00
# Visual Studio Version 17
VisualStudioVersion = 17.5.33209.295
MinimumVisualStudioVersion = 10.0.40219.1
Project("{FAE04EC0-301F-11D3-BF4B-00C04F79EFBC}") = "ValueTask._01_Optimization.ResultAvailableSynchronously", "ValueTask._01_Optimization.ResultAvailableSynchronously\ValueTask._01_Optimization.ResultAvailableSynchronously.csproj", "{003BC166-C177-4887-A1D3-D1DCA499F32D}"
EndProject
Project("{FAE04EC0-301F-11D3-BF4B-00C04F79EFBC}") = "ValueTask._02_Optimization.ReturnValue", "ValueTask._02_Optimization.ReturnValue\ValueTask._02_Optimization.ReturnValue.csproj", "{21DD5266-4027-41FC-AE8A-B6D4EB17682B}"
EndProject
Project("{FAE04EC0-301F-11D3-BF4B-00C04F79EFBC}") = "ValueTask._03_Optimization.AsTask", "ValueTask._03_Optimization.AsTask\ValueTask._03_Optimization.AsTask.csproj", "{518F19FC-1348-4618-97AD-C2F6C819C92B}"
EndProject
Global
	GlobalSection(SolutionConfigurationPlatforms) = preSolution
		Debug|Any CPU = Debug|Any CPU
		Release|Any CPU = Release|Any CPU
	EndGlobalSection
	GlobalSection(ProjectConfigurationPlatforms) = postSolution
		{003BC166-C177-4887-A1D3-D1DCA499F32D}.Debug|Any CPU.ActiveCfg = Debug|Any CPU
		{003BC166-C177-4887-A1D3-D1DCA499F32D}.Debug|Any CPU.Build.0 = Debug|Any CPU
		{003BC166-C177-4887-A1D3-D1DCA499F32D}.Release|Any CPU.ActiveCfg = Release|Any CPU
		{003BC166-C177-4887-A1D3-D1DCA499F32D}.Release|Any CPU.Build.0 = Release|Any CPU
		{21DD5266-4027-41FC-AE8A-B6D4EB17682B}.Debug|Any CPU.ActiveCfg = Debug|Any CPU
		{21DD5266-4027-41FC-AE8A-B6D4EB17682B}.Debug|Any CPU.Build.0 = Debug|Any CPU
		{21DD5266-4027-41FC-AE8A-B6D4EB17682B}.Release|Any CPU.ActiveCfg = Release|Any CPU
		{21DD5266-4027-41FC-AE8A-B6D4EB17682B}.Release|Any CPU.Build.0 = Release|Any CPU
		{518F19FC-1348-4618-97AD-C2F6C819C92B}.Debug|Any CPU.ActiveCfg = Debug|Any CPU
		{518F19FC-1348-4618-97AD-C2F6C819C92B}.Debug|Any CPU.Build.0 = Debug|Any CPU
		{518F19FC-1348-4618-97AD-C2F6C819C92B}.Release|Any CPU.ActiveCfg = Release|Any CPU
		{518F19FC-1348-4618-97AD-C2F6C819C92B}.Release|Any CPU.Build.0 = Release|Any CPU
	EndGlobalSection
	GlobalSection(SolutionProperties) = preSolution
		HideSolutionNode = FALSE
	EndGlobalSection
	GlobalSection(ExtensibilityGlobals) = postSolution
		SolutionGuid = {05109D90-9237-4AA8-AC2C-3F79C6CC4C66}
	EndGlobalSection
EndGlobal
