
Microsoft Visual Studio Solution File, Format Version 12.00
# Visual Studio Version 17
VisualStudioVersion = 17.5.33209.295
MinimumVisualStudioVersion = 10.0.40219.1
Project("{FAE04EC0-301F-11D3-BF4B-00C04F79EFBC}") = "ObjectOrientedProgramming._1_Encapsulation", "ObjectOrientedProgramming._1_Encapsulation\ObjectOrientedProgramming._1_Encapsulation.csproj", "{D95972DB-517E-4365-85D1-5169CE23B1C9}"
EndProject
Project("{FAE04EC0-301F-11D3-BF4B-00C04F79EFBC}") = "ObjectOrientedProgramming._2_Inheritance", "ObjectOrientedProgramming._2_Inheritance\ObjectOrientedProgramming._2_Inheritance.csproj", "{8392D13F-139F-4549-853D-BEC30FB6285E}"
EndProject
Project("{FAE04EC0-301F-11D3-BF4B-00C04F79EFBC}") = "ObjectOrientedProgramming._3_Polymorphism", "ObjectOrientedProgramming._3_Polymorphism\ObjectOrientedProgramming._3_Polymorphism.csproj", "{FFF26C01-0503-44AD-A37B-01C21AACF1CD}"
EndProject
Project("{FAE04EC0-301F-11D3-BF4B-00C04F79EFBC}") = "ObjectOrientedProgramming._4_Abstraction", "ObjectOrientedProgramming._4_Abstraction\ObjectOrientedProgramming._4_Abstraction.csproj", "{5D3AD9C5-082A-42B5-827F-3235D0BB5050}"
EndProject
Project("{FAE04EC0-301F-11D3-BF4B-00C04F79EFBC}") = "ObjectOrientedProgramming._5_SendingMessages", "ObjectOrientedProgramming._5_SendingMessages\ObjectOrientedProgramming._5_SendingMessages.csproj", "{8F3BFCBB-FA19-44F5-BA3D-185A01041CEB}"
EndProject
Project("{FAE04EC0-301F-11D3-BF4B-00C04F79EFBC}") = "ObjectOrientedProgramming._6_Reuse", "ObjectOrientedProgramming._6_Reuse\ObjectOrientedProgramming._6_Reuse.csproj", "{A2F8EFE5-E7C7-4EA2-98CE-81196CE8291F}"
EndProject
Global
	GlobalSection(SolutionConfigurationPlatforms) = preSolution
		Debug|Any CPU = Debug|Any CPU
		Release|Any CPU = Release|Any CPU
	EndGlobalSection
	GlobalSection(ProjectConfigurationPlatforms) = postSolution
		{D95972DB-517E-4365-85D1-5169CE23B1C9}.Debug|Any CPU.ActiveCfg = Debug|Any CPU
		{D95972DB-517E-4365-85D1-5169CE23B1C9}.Debug|Any CPU.Build.0 = Debug|Any CPU
		{D95972DB-517E-4365-85D1-5169CE23B1C9}.Release|Any CPU.ActiveCfg = Release|Any CPU
		{D95972DB-517E-4365-85D1-5169CE23B1C9}.Release|Any CPU.Build.0 = Release|Any CPU
		{8392D13F-139F-4549-853D-BEC30FB6285E}.Debug|Any CPU.ActiveCfg = Debug|Any CPU
		{8392D13F-139F-4549-853D-BEC30FB6285E}.Debug|Any CPU.Build.0 = Debug|Any CPU
		{8392D13F-139F-4549-853D-BEC30FB6285E}.Release|Any CPU.ActiveCfg = Release|Any CPU
		{8392D13F-139F-4549-853D-BEC30FB6285E}.Release|Any CPU.Build.0 = Release|Any CPU
		{FFF26C01-0503-44AD-A37B-01C21AACF1CD}.Debug|Any CPU.ActiveCfg = Debug|Any CPU
		{FFF26C01-0503-44AD-A37B-01C21AACF1CD}.Debug|Any CPU.Build.0 = Debug|Any CPU
		{FFF26C01-0503-44AD-A37B-01C21AACF1CD}.Release|Any CPU.ActiveCfg = Release|Any CPU
		{FFF26C01-0503-44AD-A37B-01C21AACF1CD}.Release|Any CPU.Build.0 = Release|Any CPU
		{5D3AD9C5-082A-42B5-827F-3235D0BB5050}.Debug|Any CPU.ActiveCfg = Debug|Any CPU
		{5D3AD9C5-082A-42B5-827F-3235D0BB5050}.Debug|Any CPU.Build.0 = Debug|Any CPU
		{5D3AD9C5-082A-42B5-827F-3235D0BB5050}.Release|Any CPU.ActiveCfg = Release|Any CPU
		{5D3AD9C5-082A-42B5-827F-3235D0BB5050}.Release|Any CPU.Build.0 = Release|Any CPU
		{8F3BFCBB-FA19-44F5-BA3D-185A01041CEB}.Debug|Any CPU.ActiveCfg = Debug|Any CPU
		{8F3BFCBB-FA19-44F5-BA3D-185A01041CEB}.Debug|Any CPU.Build.0 = Debug|Any CPU
		{8F3BFCBB-FA19-44F5-BA3D-185A01041CEB}.Release|Any CPU.ActiveCfg = Release|Any CPU
		{8F3BFCBB-FA19-44F5-BA3D-185A01041CEB}.Release|Any CPU.Build.0 = Release|Any CPU
		{A2F8EFE5-E7C7-4EA2-98CE-81196CE8291F}.Debug|Any CPU.ActiveCfg = Debug|Any CPU
		{A2F8EFE5-E7C7-4EA2-98CE-81196CE8291F}.Debug|Any CPU.Build.0 = Debug|Any CPU
		{A2F8EFE5-E7C7-4EA2-98CE-81196CE8291F}.Release|Any CPU.ActiveCfg = Release|Any CPU
		{A2F8EFE5-E7C7-4EA2-98CE-81196CE8291F}.Release|Any CPU.Build.0 = Release|Any CPU
	EndGlobalSection
	GlobalSection(SolutionProperties) = preSolution
		HideSolutionNode = FALSE
	EndGlobalSection
	GlobalSection(ExtensibilityGlobals) = postSolution
		SolutionGuid = {60BEEB8E-A51F-4E43-9339-58E45668288D}
	EndGlobalSection
EndGlobal
