
Microsoft Visual Studio Solution File, Format Version 12.00
# Visual Studio Version 16
VisualStudioVersion = 16.0.31320.298
MinimumVisualStudioVersion = 10.0.40219.1
Project("{FAE04EC0-301F-11D3-BF4B-00C04F79EFBC}") = "TryCatchFinallyBenchmarks", "TryCatchFinallyBenchmarks\TryCatchFinallyBenchmarks.csproj", "{50BC32F7-6BAD-48F1-8F4C-811AD2A18642}"
EndProject
Global
	GlobalSection(SolutionConfigurationPlatforms) = preSolution
		Debug|Any CPU = Debug|Any CPU
		Release|Any CPU = Release|Any CPU
	EndGlobalSection
	GlobalSection(ProjectConfigurationPlatforms) = postSolution
		{50BC32F7-6BAD-48F1-8F4C-811AD2A18642}.Debug|Any CPU.ActiveCfg = Debug|Any CPU
		{50BC32F7-6BAD-48F1-8F4C-811AD2A18642}.Debug|Any CPU.Build.0 = Debug|Any CPU
		{50BC32F7-6BAD-48F1-8F4C-811AD2A18642}.Release|Any CPU.ActiveCfg = Release|Any CPU
		{50BC32F7-6BAD-48F1-8F4C-811AD2A18642}.Release|Any CPU.Build.0 = Release|Any CPU
	EndGlobalSection
	GlobalSection(SolutionProperties) = preSolution
		HideSolutionNode = FALSE
	EndGlobalSection
	GlobalSection(ExtensibilityGlobals) = postSolution
		SolutionGuid = {D9CDC21C-D78F-468C-934A-34390962AC42}
	EndGlobalSection
EndGlobal
