
Microsoft Visual Studio Solution File, Format Version 12.00
# Visual Studio Version 17
VisualStudioVersion = 17.5.33209.295
MinimumVisualStudioVersion = 10.0.40219.1
Project("{FAE04EC0-301F-11D3-BF4B-00C04F79EFBC}") = "TaskFactory._01_Setup", "TaskFactory._01_Setup\TaskFactory._01_Setup.csproj", "{2C339001-7B53-445A-B1A8-0F4A3B9DFEAE}"
EndProject
Global
	GlobalSection(SolutionConfigurationPlatforms) = preSolution
		Debug|Any CPU = Debug|Any CPU
		Release|Any CPU = Release|Any CPU
	EndGlobalSection
	GlobalSection(ProjectConfigurationPlatforms) = postSolution
		{2C339001-7B53-445A-B1A8-0F4A3B9DFEAE}.Debug|Any CPU.ActiveCfg = Debug|Any CPU
		{2C339001-7B53-445A-B1A8-0F4A3B9DFEAE}.Debug|Any CPU.Build.0 = Debug|Any CPU
		{2C339001-7B53-445A-B1A8-0F4A3B9DFEAE}.Release|Any CPU.ActiveCfg = Release|Any CPU
		{2C339001-7B53-445A-B1A8-0F4A3B9DFEAE}.Release|Any CPU.Build.0 = Release|Any CPU
	EndGlobalSection
	GlobalSection(SolutionProperties) = preSolution
		HideSolutionNode = FALSE
	EndGlobalSection
	GlobalSection(ExtensibilityGlobals) = postSolution
		SolutionGuid = {57B8DB8F-6FC5-4003-A9B5-1CC74DED7424}
	EndGlobalSection
EndGlobal
