
Microsoft Visual Studio Solution File, Format Version 12.00
# Visual Studio Version 17
VisualStudioVersion = 17.5.33318.248
MinimumVisualStudioVersion = 10.0.40219.1
Project("{FAE04EC0-301F-11D3-BF4B-00C04F79EFBC}") = "LockFreeCollections._01_ConcurrentQueue", "LockFreeCollections._01_ConcurrentQueue\LockFreeCollections._01_ConcurrentQueue.csproj", "{C13922F1-CE70-4D02-9F6F-46C03E04CD55}"
EndProject
Project("{FAE04EC0-301F-11D3-BF4B-00C04F79EFBC}") = "LockFreeCollections._02_ConcurrentStack", "LockFreeCollections._02_ConcurrentStack\LockFreeCollections._02_ConcurrentStack.csproj", "{BF0F3D7C-6C20-4C34-ADD4-C10F26DBDB62}"
EndProject
Project("{FAE04EC0-301F-11D3-BF4B-00C04F79EFBC}") = "LockFreeCollections._03_ConcurrentBag", "LockFreeCollections._03_ConcurrentBag\LockFreeCollections._03_ConcurrentBag.csproj", "{FB296F9A-7352-46FC-935A-0CAA61E8A488}"
EndProject
Global
	GlobalSection(SolutionConfigurationPlatforms) = preSolution
		Debug|Any CPU = Debug|Any CPU
		Release|Any CPU = Release|Any CPU
	EndGlobalSection
	GlobalSection(ProjectConfigurationPlatforms) = postSolution
		{C13922F1-CE70-4D02-9F6F-46C03E04CD55}.Debug|Any CPU.ActiveCfg = Debug|Any CPU
		{C13922F1-CE70-4D02-9F6F-46C03E04CD55}.Debug|Any CPU.Build.0 = Debug|Any CPU
		{C13922F1-CE70-4D02-9F6F-46C03E04CD55}.Release|Any CPU.ActiveCfg = Release|Any CPU
		{C13922F1-CE70-4D02-9F6F-46C03E04CD55}.Release|Any CPU.Build.0 = Release|Any CPU
		{BF0F3D7C-6C20-4C34-ADD4-C10F26DBDB62}.Debug|Any CPU.ActiveCfg = Debug|Any CPU
		{BF0F3D7C-6C20-4C34-ADD4-C10F26DBDB62}.Debug|Any CPU.Build.0 = Debug|Any CPU
		{BF0F3D7C-6C20-4C34-ADD4-C10F26DBDB62}.Release|Any CPU.ActiveCfg = Release|Any CPU
		{BF0F3D7C-6C20-4C34-ADD4-C10F26DBDB62}.Release|Any CPU.Build.0 = Release|Any CPU
		{FB296F9A-7352-46FC-935A-0CAA61E8A488}.Debug|Any CPU.ActiveCfg = Debug|Any CPU
		{FB296F9A-7352-46FC-935A-0CAA61E8A488}.Debug|Any CPU.Build.0 = Debug|Any CPU
		{FB296F9A-7352-46FC-935A-0CAA61E8A488}.Release|Any CPU.ActiveCfg = Release|Any CPU
		{FB296F9A-7352-46FC-935A-0CAA61E8A488}.Release|Any CPU.Build.0 = Release|Any CPU
	EndGlobalSection
	GlobalSection(SolutionProperties) = preSolution
		HideSolutionNode = FALSE
	EndGlobalSection
	GlobalSection(ExtensibilityGlobals) = postSolution
		SolutionGuid = {381AEC11-0EBE-4429-973A-7708511E7220}
	EndGlobalSection
EndGlobal
